
Microsoft Visual Studio Solution File, Format Version 12.00
# Visual Studio 15
VisualStudioVersion = 15.0.26730.8
MinimumVisualStudioVersion = 10.0.40219.1
Project("{FAE04EC0-301F-11D3-BF4B-00C04F79EFBC}") = "AutoPost", "AutoPost.csproj", "{B05E4DE9-7A5E-41F8-B14B-5066DF57DA92}"
EndProject
Project("{54435603-DBB4-11D2-8724-00A0C9A8B90C}") = "Setup_AutoPost_2018", "..\Setup_AutoPost_2018\Setup_AutoPost_2018.vdproj", "{C46832C4-84B3-4BA7-8ACF-98B1E21D3C6B}"
EndProject
Global
	GlobalSection(SolutionConfigurationPlatforms) = preSolution
		Debug|Any CPU = Debug|Any CPU
		Release|Any CPU = Release|Any CPU
	EndGlobalSection
	GlobalSection(ProjectConfigurationPlatforms) = postSolution
		{B05E4DE9-7A5E-41F8-B14B-5066DF57DA92}.Debug|Any CPU.ActiveCfg = Debug|Any CPU
		{B05E4DE9-7A5E-41F8-B14B-5066DF57DA92}.Debug|Any CPU.Build.0 = Debug|Any CPU
		{B05E4DE9-7A5E-41F8-B14B-5066DF57DA92}.Release|Any CPU.ActiveCfg = Release|Any CPU
		{B05E4DE9-7A5E-41F8-B14B-5066DF57DA92}.Release|Any CPU.Build.0 = Release|Any CPU
		{C46832C4-84B3-4BA7-8ACF-98B1E21D3C6B}.Debug|Any CPU.ActiveCfg = Debug
		{C46832C4-84B3-4BA7-8ACF-98B1E21D3C6B}.Release|Any CPU.ActiveCfg = Release
	EndGlobalSection
	GlobalSection(SolutionProperties) = preSolution
		HideSolutionNode = FALSE
	EndGlobalSection
	GlobalSection(ExtensibilityGlobals) = postSolution
		SolutionGuid = {894D71FC-97A2-4FA5-9AAA-92EE918C7859}
	EndGlobalSection
EndGlobal
